
Microsoft Visual Studio Solution File, Format Version 12.00
Project("{FAE04EC0-301F-11D3-BF4B-00C04F79EFBC}") = "Data", "Data\Data.csproj", "{51F2315B-7736-4C0E-8F1D-F3DB6DE6D45B}"
EndProject
Project("{FAE04EC0-301F-11D3-BF4B-00C04F79EFBC}") = "Business", "Business\Business.csproj", "{BB547CBD-66EE-4953-8543-C95FB34F5FC8}"
EndProject
Project("{FAE04EC0-301F-11D3-BF4B-00C04F79EFBC}") = "Startup", "Startup\Startup.csproj", "{A5E32BA9-FE1D-46A6-A8B4-05DCA3D1DC30}"
EndProject
Global
	GlobalSection(SolutionConfigurationPlatforms) = preSolution
		Debug|Any CPU = Debug|Any CPU
		Release|Any CPU = Release|Any CPU
	EndGlobalSection
	GlobalSection(ProjectConfigurationPlatforms) = postSolution
		{51F2315B-7736-4C0E-8F1D-F3DB6DE6D45B}.Debug|Any CPU.ActiveCfg = Debug|Any CPU
		{51F2315B-7736-4C0E-8F1D-F3DB6DE6D45B}.Debug|Any CPU.Build.0 = Debug|Any CPU
		{51F2315B-7736-4C0E-8F1D-F3DB6DE6D45B}.Release|Any CPU.ActiveCfg = Release|Any CPU
		{51F2315B-7736-4C0E-8F1D-F3DB6DE6D45B}.Release|Any CPU.Build.0 = Release|Any CPU
		{BB547CBD-66EE-4953-8543-C95FB34F5FC8}.Debug|Any CPU.ActiveCfg = Debug|Any CPU
		{BB547CBD-66EE-4953-8543-C95FB34F5FC8}.Debug|Any CPU.Build.0 = Debug|Any CPU
		{BB547CBD-66EE-4953-8543-C95FB34F5FC8}.Release|Any CPU.ActiveCfg = Release|Any CPU
		{BB547CBD-66EE-4953-8543-C95FB34F5FC8}.Release|Any CPU.Build.0 = Release|Any CPU
		{A5E32BA9-FE1D-46A6-A8B4-05DCA3D1DC30}.Debug|Any CPU.ActiveCfg = Debug|Any CPU
		{A5E32BA9-FE1D-46A6-A8B4-05DCA3D1DC30}.Debug|Any CPU.Build.0 = Debug|Any CPU
		{A5E32BA9-FE1D-46A6-A8B4-05DCA3D1DC30}.Release|Any CPU.ActiveCfg = Release|Any CPU
		{A5E32BA9-FE1D-46A6-A8B4-05DCA3D1DC30}.Release|Any CPU.Build.0 = Release|Any CPU
	EndGlobalSection
EndGlobal
